<?xml version="1.0" encoding="utf-8"?>
<Project ToolsVersion="4.0" xmlns="http://schemas.microsoft.com/developer/msbuild/2003">
  <ItemGroup>
    <Filter Include="소스 파일">
      <UniqueIdentifier>{4FC737F1-C7A5-4376-A066-2A32D752A2FF}</UniqueIdentifier>
      <Extensions>cpp;c;cc;cxx;c++;cppm;ixx;def;odl;idl;hpj;bat;asm;asmx</Extensions>
    </Filter>
    <Filter Include="헤더 파일">
      <UniqueIdentifier>{93995380-89BD-4b04-88EB-625FBE52EBFB}</UniqueIdentifier>
      <Extensions>h;hh;hpp;hxx;h++;hm;inl;inc;ipp;xsd</Extensions>
    </Filter>
    <Filter Include="리소스 파일">
      <UniqueIdentifier>{67DA6AB6-F800-4c08-8B7A-83BB121AAD01}</UniqueIdentifier>
      <Extensions>rc;ico;cur;bmp;dlg;rc2;rct;bin;rgs;gif;jpg;jpeg;jpe;resx;tiff;tif;png;wav;mfcribbon-ms</Extensions>
    </Filter>
    <Filter Include="소스 파일\CommandList">
      <UniqueIdentifier>{8d005933-33cd-4237-a7fd-da172751811a}</UniqueIdentifier>
    </Filter>
    <Filter Include="소스 파일\ScriptList">
      <UniqueIdentifier>{66978895-e99e-46ee-9d61-2e1930d98d57}</UniqueIdentifier>
    </Filter>
  </ItemGroup>
  <ItemGroup>
    <ClCompile Include="main.cpp">
      <Filter>소스 파일</Filter>
    </ClCompile>
    <ClCompile Include="Shell.cpp">
      <Filter>소스 파일</Filter>
    </ClCompile>
    <ClCompile Include="CommandHandler.cpp">
      <Filter>소스 파일\CommandList</Filter>
    </ClCompile>
    <ClCompile Include="Help.cpp">
      <Filter>소스 파일\CommandList</Filter>
    </ClCompile>
    <ClCompile Include="Exit.cpp">
      <Filter>소스 파일\CommandList</Filter>
    </ClCompile>
    <ClCompile Include="Read.cpp">
      <Filter>소스 파일\CommandList</Filter>
    </ClCompile>
    <ClCompile Include="Write.cpp">
      <Filter>소스 파일\CommandList</Filter>
    </ClCompile>
    <ClCompile Include="FullWrite.cpp">
      <Filter>소스 파일\CommandList</Filter>
    </ClCompile>
    <ClCompile Include="FullRead.cpp">
      <Filter>소스 파일\CommandList</Filter>
    </ClCompile>
    <ClCompile Include="CommandFactory.cpp">
      <Filter>소스 파일</Filter>
    </ClCompile>
    <ClCompile Include="ScriptHandler.cpp">
      <Filter>소스 파일\ScriptList</Filter>
    </ClCompile>
  </ItemGroup>
  <ItemGroup>
    <ClInclude Include="SsdResult.h">
      <Filter>헤더 파일</Filter>
    </ClInclude>
    <ClInclude Include="SsdExcutable.h">
      <Filter>헤더 파일</Filter>
    </ClInclude>
  </ItemGroup>
</Project>