<?xml version="1.0" encoding="utf-8"?>
<Project ToolsVersion="4.0" xmlns="http://schemas.microsoft.com/developer/msbuild/2003">
  <ItemGroup>
    <ClCompile Include="main.cpp">
      <Filter>소스 파일</Filter>
    </ClCompile>
    <ClCompile Include="Shell.cpp">
      <Filter>소스 파일</Filter>
    </ClCompile>
    <ClCompile Include="CommandFactory.cpp">
      <Filter>소스 파일\Command</Filter>
    </ClCompile>
    <ClCompile Include="Erase.cpp">
      <Filter>소스 파일\Command</Filter>
    </ClCompile>
    <ClCompile Include="Exit.cpp">
      <Filter>소스 파일\Command</Filter>
    </ClCompile>
    <ClCompile Include="FullRead.cpp">
      <Filter>소스 파일\Command</Filter>
    </ClCompile>
    <ClCompile Include="FullWrite.cpp">
      <Filter>소스 파일\Command</Filter>
    </ClCompile>
    <ClCompile Include="Read.cpp">
      <Filter>소스 파일\Command</Filter>
    </ClCompile>
    <ClCompile Include="Write.cpp">
      <Filter>소스 파일\Command</Filter>
    </ClCompile>
    <ClCompile Include="EraseRange.cpp">
      <Filter>소스 파일\Command</Filter>
    </ClCompile>
    <ClCompile Include="Logger.cpp">
      <Filter>소스 파일</Filter>
    </ClCompile>
    <ClCompile Include="ScriptFactory.cpp">
      <Filter>소스 파일\Script</Filter>
    </ClCompile>
    <ClCompile Include="ScriptHandler.cpp">
      <Filter>소스 파일\Script</Filter>
    </ClCompile>
    <ClCompile Include="TestApp1.cpp">
      <Filter>소스 파일\Script</Filter>
    </ClCompile>
    <ClCompile Include="TestApp2.cpp">
      <Filter>소스 파일\Script</Filter>
    </ClCompile>
    <ClCompile Include="TestApp3.cpp">
      <Filter>소스 파일\Script</Filter>
    </ClCompile>
    <ClCompile Include="TestApp4.cpp">
      <Filter>소스 파일\Script</Filter>
    </ClCompile>
    <ClCompile Include="TestApp5.cpp">
      <Filter>소스 파일\Script</Filter>
    </ClCompile>
    <ClCompile Include="TestApp6.cpp">
      <Filter>소스 파일\Script</Filter>
    </ClCompile>
    <ClCompile Include="Help.cpp">
      <Filter>소스 파일</Filter>
    </ClCompile>
  </ItemGroup>
  <ItemGroup>
    <ClInclude Include="Logger.h">
      <Filter>헤더 파일</Filter>
    </ClInclude>
    <ClInclude Include="CommandFactory.h">
      <Filter>헤더 파일\Command</Filter>
    </ClInclude>
    <ClInclude Include="CommandHandler.h">
      <Filter>헤더 파일\Command</Filter>
    </ClInclude>
    <ClInclude Include="DataFormatVerifier.h">
      <Filter>헤더 파일\Command</Filter>
    </ClInclude>
    <ClInclude Include="Erase.h">
      <Filter>헤더 파일\Command</Filter>
    </ClInclude>
    <ClInclude Include="EraseRange.h">
      <Filter>헤더 파일\Command</Filter>
    </ClInclude>
    <ClInclude Include="Exit.h">
      <Filter>헤더 파일\Command</Filter>
    </ClInclude>
    <ClInclude Include="FullRead.h">
      <Filter>헤더 파일\Command</Filter>
    </ClInclude>
    <ClInclude Include="FullWrite.h">
      <Filter>헤더 파일\Command</Filter>
    </ClInclude>
    <ClInclude Include="Help.h">
      <Filter>헤더 파일\Command</Filter>
    </ClInclude>
    <ClInclude Include="LbaRangeVerifier.h">
      <Filter>헤더 파일\Command</Filter>
    </ClInclude>
    <ClInclude Include="Read.h">
      <Filter>헤더 파일\Command</Filter>
    </ClInclude>
    <ClInclude Include="Write.h">
      <Filter>헤더 파일\Command</Filter>
    </ClInclude>
    <ClInclude Include="Shell.h">
      <Filter>헤더 파일</Filter>
    </ClInclude>
    <ClInclude Include="ScriptFactory.h">
      <Filter>헤더 파일\Script</Filter>
    </ClInclude>
    <ClInclude Include="ScriptHandler.h">
      <Filter>헤더 파일\Script</Filter>
    </ClInclude>
    <ClInclude Include="SsdExcutable.h">
      <Filter>헤더 파일\Ssd</Filter>
    </ClInclude>
    <ClInclude Include="SsdHelper.h">
      <Filter>헤더 파일\Ssd</Filter>
    </ClInclude>
    <ClInclude Include="SsdResult.h">
      <Filter>헤더 파일\Ssd</Filter>
    </ClInclude>
    <ClInclude Include="TestApp1.h">
      <Filter>헤더 파일\Script</Filter>
    </ClInclude>
    <ClInclude Include="TestApp2.h">
      <Filter>헤더 파일\Script</Filter>
    </ClInclude>
    <ClInclude Include="TestApp3.h">
      <Filter>헤더 파일\Script</Filter>
    </ClInclude>
    <ClInclude Include="TestApp4.h">
      <Filter>헤더 파일\Script</Filter>
    </ClInclude>
    <ClInclude Include="TestApp5.h">
      <Filter>헤더 파일\Script</Filter>
    </ClInclude>
    <ClInclude Include="TestApp6.h">
      <Filter>헤더 파일\Script</Filter>
    </ClInclude>
    <ClInclude Include="ZipAlgo.h">
      <Filter>헤더 파일</Filter>
    </ClInclude>
    <ClInclude Include="SimpleZip.h">
      <Filter>헤더 파일</Filter>
    </ClInclude>
  </ItemGroup>
  <ItemGroup>
    <Filter Include="헤더 파일">
      <UniqueIdentifier>{77707b1d-98ae-4bd6-a173-10f8254baa39}</UniqueIdentifier>
    </Filter>
    <Filter Include="소스 파일">
      <UniqueIdentifier>{9aa0c1d5-1cf7-4d18-b3a3-bc95c4e3a74c}</UniqueIdentifier>
    </Filter>
    <Filter Include="소스 파일\Command">
      <UniqueIdentifier>{35fee1c5-7b13-43d5-bd4f-0bc20fbd342c}</UniqueIdentifier>
    </Filter>
    <Filter Include="소스 파일\Script">
      <UniqueIdentifier>{a8ce67c5-c6dc-45fe-8d71-a9ac40a01bda}</UniqueIdentifier>
    </Filter>
    <Filter Include="헤더 파일\Command">
      <UniqueIdentifier>{6e85f25d-fabd-457b-9048-e3c3c76d41ca}</UniqueIdentifier>
    </Filter>
    <Filter Include="헤더 파일\Script">
      <UniqueIdentifier>{d76a8a6a-b293-4b69-9123-4f1d738b83af}</UniqueIdentifier>
    </Filter>
    <Filter Include="헤더 파일\Ssd">
      <UniqueIdentifier>{f495bded-be92-45cb-b26b-a63220081935}</UniqueIdentifier>
    </Filter>
  </ItemGroup>
</Project>